
Microsoft Visual Studio Solution File, Format Version 12.00
# Visual Studio 2012
Project("{FAE04EC0-301F-11D3-BF4B-00C04F79EFBC}") = "CarSale", "CarSale\CarSale.csproj", "{6031B269-45AC-4469-BF37-233580BFAAFC}"
EndProject
Global
	GlobalSection(SolutionConfigurationPlatforms) = preSolution
		Debug|Any CPU = Debug|Any CPU
		Release|Any CPU = Release|Any CPU
	EndGlobalSection
	GlobalSection(ProjectConfigurationPlatforms) = postSolution
		{6031B269-45AC-4469-BF37-233580BFAAFC}.Debug|Any CPU.ActiveCfg = Debug|Any CPU
		{6031B269-45AC-4469-BF37-233580BFAAFC}.Debug|Any CPU.Build.0 = Debug|Any CPU
		{6031B269-45AC-4469-BF37-233580BFAAFC}.Release|Any CPU.ActiveCfg = Release|Any CPU
		{6031B269-45AC-4469-BF37-233580BFAAFC}.Release|Any CPU.Build.0 = Release|Any CPU
	EndGlobalSection
	GlobalSection(SolutionProperties) = preSolution
		HideSolutionNode = FALSE
	EndGlobalSection
EndGlobal
